
Microsoft Visual Studio Solution File, Format Version 12.00
# Visual Studio Version 16
VisualStudioVersion = 16.0.29709.97
MinimumVisualStudioVersion = 10.0.40219.1
Project("{FAE04EC0-301F-11D3-BF4B-00C04F79EFBC}") = "CreateRoomsPlugin", "CreateRoomsPlugin\CreateRoomsPlugin.csproj", "{2A500FEB-3AF4-429D-8137-E87A1EC4BFE8}"
EndProject
Global
	GlobalSection(SolutionConfigurationPlatforms) = preSolution
		Debug|Any CPU = Debug|Any CPU
		Release|Any CPU = Release|Any CPU
	EndGlobalSection
	GlobalSection(ProjectConfigurationPlatforms) = postSolution
		{2A500FEB-3AF4-429D-8137-E87A1EC4BFE8}.Debug|Any CPU.ActiveCfg = Debug|Any CPU
		{2A500FEB-3AF4-429D-8137-E87A1EC4BFE8}.Debug|Any CPU.Build.0 = Debug|Any CPU
		{2A500FEB-3AF4-429D-8137-E87A1EC4BFE8}.Release|Any CPU.ActiveCfg = Release|Any CPU
		{2A500FEB-3AF4-429D-8137-E87A1EC4BFE8}.Release|Any CPU.Build.0 = Release|Any CPU
	EndGlobalSection
	GlobalSection(SolutionProperties) = preSolution
		HideSolutionNode = FALSE
	EndGlobalSection
	GlobalSection(ExtensibilityGlobals) = postSolution
		SolutionGuid = {22F891E7-3135-41F5-ADB9-CB4F4FA31D8D}
	EndGlobalSection
EndGlobal
